
Microsoft Visual Studio Solution File, Format Version 12.00
# Visual Studio 14
VisualStudioVersion = 14.0.23107.0
MinimumVisualStudioVersion = 10.0.40219.1
Project("{2150E333-8FDC-42A3-9474-1A3956D46DE8}") = "src", "src", "{E81A5FE7-E9BE-4711-80D7-9F13E841114E}"
EndProject
Project("{2150E333-8FDC-42A3-9474-1A3956D46DE8}") = "Solution Items", "Solution Items", "{87C117DD-545D-4D40-AD8E-E49198D3FAA3}"
	ProjectSection(SolutionItems) = preProject
		global.json = global.json
	EndProjectSection
EndProject
Project("{8BB2217D-0F2D-49D1-97BC-3654ED321F3B}") = "BowlingGameDotNet", "src\BowlingGameDotNet\BowlingGameDotNet.xproj", "{3747A815-A2C9-491F-A422-1B1FB6297319}"
EndProject
Global
	GlobalSection(SolutionConfigurationPlatforms) = preSolution
		Debug|Any CPU = Debug|Any CPU
		Release|Any CPU = Release|Any CPU
	EndGlobalSection
	GlobalSection(ProjectConfigurationPlatforms) = postSolution
		{3747A815-A2C9-491F-A422-1B1FB6297319}.Debug|Any CPU.ActiveCfg = Debug|Any CPU
		{3747A815-A2C9-491F-A422-1B1FB6297319}.Debug|Any CPU.Build.0 = Debug|Any CPU
		{3747A815-A2C9-491F-A422-1B1FB6297319}.Release|Any CPU.ActiveCfg = Release|Any CPU
		{3747A815-A2C9-491F-A422-1B1FB6297319}.Release|Any CPU.Build.0 = Release|Any CPU
	EndGlobalSection
	GlobalSection(SolutionProperties) = preSolution
		HideSolutionNode = FALSE
	EndGlobalSection
	GlobalSection(NestedProjects) = preSolution
		{3747A815-A2C9-491F-A422-1B1FB6297319} = {E81A5FE7-E9BE-4711-80D7-9F13E841114E}
	EndGlobalSection
EndGlobal
